
Microsoft Visual Studio Solution File, Format Version 12.00
# Visual Studio Version 16
VisualStudioVersion = 16.0.30413.136
MinimumVisualStudioVersion = 10.0.40219.1
Project("{E24C65DC-7377-472B-9ABA-BC803B73C61A}") = "AnnualWind", "AnnualWind\", "{F1D5C29B-5783-4C52-ABBD-EA3461F355CC}"
	ProjectSection(WebsiteProperties) = preProject
		TargetFrameworkMoniker = ".NETFramework,Version%3Dv4.7.2"
		Debug.AspNetCompiler.VirtualPath = "/localhost_50259"
		Debug.AspNetCompiler.PhysicalPath = "AnnualWind\"
		Debug.AspNetCompiler.TargetPath = "PrecompiledWeb\localhost_50259\"
		Debug.AspNetCompiler.Updateable = "true"
		Debug.AspNetCompiler.ForceOverwrite = "true"
		Debug.AspNetCompiler.FixedNames = "false"
		Debug.AspNetCompiler.Debug = "True"
		Release.AspNetCompiler.VirtualPath = "/localhost_50259"
		Release.AspNetCompiler.PhysicalPath = "AnnualWind\"
		Release.AspNetCompiler.TargetPath = "PrecompiledWeb\localhost_50259\"
		Release.AspNetCompiler.Updateable = "true"
		Release.AspNetCompiler.ForceOverwrite = "true"
		Release.AspNetCompiler.FixedNames = "false"
		Release.AspNetCompiler.Debug = "False"
		VWDPort = "50259"
		SlnRelativePath = "AnnualWind\"
		DefaultWebSiteLanguage = "Visual C#"
	EndProjectSection
EndProject
Global
	GlobalSection(SolutionConfigurationPlatforms) = preSolution
		Debug|Any CPU = Debug|Any CPU
	EndGlobalSection
	GlobalSection(ProjectConfigurationPlatforms) = postSolution
		{F1D5C29B-5783-4C52-ABBD-EA3461F355CC}.Debug|Any CPU.ActiveCfg = Debug|Any CPU
		{F1D5C29B-5783-4C52-ABBD-EA3461F355CC}.Debug|Any CPU.Build.0 = Debug|Any CPU
	EndGlobalSection
	GlobalSection(SolutionProperties) = preSolution
		HideSolutionNode = FALSE
	EndGlobalSection
	GlobalSection(ExtensibilityGlobals) = postSolution
		SolutionGuid = {3E9EA601-3C19-44D1-BAEE-EEEF5EEBD4FA}
	EndGlobalSection
EndGlobal
