
Microsoft Visual Studio Solution File, Format Version 12.00
# Visual Studio Version 16
VisualStudioVersion = 16.0.30413.136
MinimumVisualStudioVersion = 10.0.40219.1
Project("{E24C65DC-7377-472B-9ABA-BC803B73C61A}") = "LandQuery", "LandQuery\", "{13A23548-CB17-4D12-B484-4F2003950C7B}"
	ProjectSection(WebsiteProperties) = preProject
		TargetFrameworkMoniker = ".NETFramework,Version%3Dv4.7.2"
		Debug.AspNetCompiler.VirtualPath = "/localhost_55825"
		Debug.AspNetCompiler.PhysicalPath = "LandQuery\"
		Debug.AspNetCompiler.TargetPath = "PrecompiledWeb\localhost_55825\"
		Debug.AspNetCompiler.Updateable = "true"
		Debug.AspNetCompiler.ForceOverwrite = "true"
		Debug.AspNetCompiler.FixedNames = "false"
		Debug.AspNetCompiler.Debug = "True"
		Release.AspNetCompiler.VirtualPath = "/localhost_55825"
		Release.AspNetCompiler.PhysicalPath = "LandQuery\"
		Release.AspNetCompiler.TargetPath = "PrecompiledWeb\localhost_55825\"
		Release.AspNetCompiler.Updateable = "true"
		Release.AspNetCompiler.ForceOverwrite = "true"
		Release.AspNetCompiler.FixedNames = "false"
		Release.AspNetCompiler.Debug = "False"
		VWDPort = "55825"
		SlnRelativePath = "LandQuery\"
		DefaultWebSiteLanguage = "Visual C#"
	EndProjectSection
EndProject
Global
	GlobalSection(SolutionConfigurationPlatforms) = preSolution
		Debug|Any CPU = Debug|Any CPU
	EndGlobalSection
	GlobalSection(ProjectConfigurationPlatforms) = postSolution
		{13A23548-CB17-4D12-B484-4F2003950C7B}.Debug|Any CPU.ActiveCfg = Debug|Any CPU
		{13A23548-CB17-4D12-B484-4F2003950C7B}.Debug|Any CPU.Build.0 = Debug|Any CPU
	EndGlobalSection
	GlobalSection(SolutionProperties) = preSolution
		HideSolutionNode = FALSE
	EndGlobalSection
	GlobalSection(ExtensibilityGlobals) = postSolution
		SolutionGuid = {83740CF3-0107-42CD-AC03-4932CEB99D9F}
	EndGlobalSection
EndGlobal
